// !$*UTF8*$!
{
	archiveVersion = 1;
	classes = {
	};
	objectVersion = 46;
	objects = {

/* Begin PBXBuildFile section */
		1B0F495B1C3E509100A8E278 /* main.m in Sources */ = {isa = PBXBuildFile; fileRef = 1B0F495A1C3E509100A8E278 /* main.m */; };
		1B0F495E1C3E509100A8E278 /* AppDelegate.m in Sources */ = {isa = PBXBuildFile; fileRef = 1B0F495D1C3E509100A8E278 /* AppDelegate.m */; };
		1B0F49611C3E509100A8E278 /* ViewController.m in Sources */ = {isa = PBXBuildFile; fileRef = 1B0F49601C3E509100A8E278 /* ViewController.m */; };
		1B0F49641C3E509100A8E278 /* Main.storyboard in Resources */ = {isa = PBXBuildFile; fileRef = 1B0F49621C3E509100A8E278 /* Main.storyboard */; };
		1B0F49661C3E509100A8E278 /* Assets.xcassets in Resources */ = {isa = PBXBuildFile; fileRef = 1B0F49651C3E509100A8E278 /* Assets.xcassets */; };
		1B0F49691C3E509100A8E278 /* LaunchScreen.storyboard in Resources */ = {isa = PBXBuildFile; fileRef = 1B0F49671C3E509100A8E278 /* LaunchScreen.storyboard */; };
		1B0F49741C3E509100A8E278 /* lhbTests.m in Sources */ = {isa = PBXBuildFile; fileRef = 1B0F49731C3E509100A8E278 /* lhbTests.m */; };
		1B0F497F1C3E509100A8E278 /* lhbUITests.m in Sources */ = {isa = PBXBuildFile; fileRef = 1B0F497E1C3E509100A8E278 /* lhbUITests.m */; };
/* End PBXBuildFile section */

/* Begin PBXContainerItemProxy section */
		1B0F49701C3E509100A8E278 /* PBXContainerItemProxy */ = {
			isa = PBXContainerItemProxy;
			containerPortal = 1B0F494E1C3E509100A8E278 /* Project object */;
			proxyType = 1;
			remoteGlobalIDString = 1B0F49551C3E509100A8E278;
			remoteInfo = lhb;
		};
		1B0F497B1C3E509100A8E278 /* PBXContainerItemProxy */ = {
			isa = PBXContainerItemProxy;
			containerPortal = 1B0F494E1C3E509100A8E278 /* Project object */;
			proxyType = 1;
			remoteGlobalIDString = 1B0F49551C3E509100A8E278;
			remoteInfo = lhb;
		};
/* End PBXContainerItemProxy section */

/* Begin PBXFileReference section */
		1B0F49561C3E509100A8E278 /* lhb.app */ = {isa = PBXFileReference; explicitFileType = wrapper.application; includeInIndex = 0; path = lhb.app; sourceTree = BUILT_PRODUCTS_DIR; };
		1B0F495A1C3E509100A8E278 /* main.m */ = {isa = PBXFileReference; lastKnownFileType = sourcecode.c.objc; path = main.m; sourceTree = "<group>"; };
		1B0F495C1C3E509100A8E278 /* AppDelegate.h */ = {isa = PBXFileReference; lastKnownFileType = sourcecode.c.h; path = AppDelegate.h; sourceTree = "<group>"; };
		1B0F495D1C3E509100A8E278 /* AppDelegate.m */ = {isa = PBXFileReference; lastKnownFileType = sourcecode.c.objc; path = AppDelegate.m; sourceTree = "<group>"; };
		1B0F495F1C3E509100A8E278 /* ViewController.h */ = {isa = PBXFileReference; lastKnownFileType = sourcecode.c.h; path = ViewController.h; sourceTree = "<group>"; };
		1B0F49601C3E509100A8E278 /* ViewController.m */ = {isa = PBXFileReference; lastKnownFileType = sourcecode.c.objc; path = ViewController.m; sourceTree = "<group>"; };
		1B0F49631C3E509100A8E278 /* Base */ = {isa = PBXFileReference; lastKnownFileType = file.storyboard; name = Base; path = Base.lproj/Main.storyboard; sourceTree = "<group>"; };
		1B0F49651C3E509100A8E278 /* Assets.xcassets */ = {isa = PBXFileReference; lastKnownFileType = folder.assetcatalog; path = Assets.xcassets; sourceTree = "<group>"; };
		1B0F49681C3E509100A8E278 /* Base */ = {isa = PBXFileReference; lastKnownFileType = file.storyboard; name = Base; path = Base.lproj/LaunchScreen.storyboard; sourceTree = "<group>"; };
		1B0F496A1C3E509100A8E278 /* Info.plist */ = {isa = PBXFileReference; lastKnownFileType = text.plist.xml; path = Info.plist; sourceTree = "<group>"; };
		1B0F496F1C3E509100A8E278 /* lhbTests.xctest */ = {isa = PBXFileReference; explicitFileType = wrapper.cfbundle; includeInIndex = 0; path = lhbTests.xctest; sourceTree = BUILT_PRODUCTS_DIR; };
		1B0F49731C3E509100A8E278 /* lhbTests.m */ = {isa = PBXFileReference; lastKnownFileType = sourcecode.c.objc; path = lhbTests.m; sourceTree = "<group>"; };
		1B0F49751C3E509100A8E278 /* Info.plist */ = {isa = PBXFileReference; lastKnownFileType = text.plist.xml; path = Info.plist; sourceTree = "<group>"; };
		1B0F497A1C3E509100A8E278 /* lhbUITests.xctest */ = {isa = PBXFileReference; explicitFileType = wrapper.cfbundle; includeInIndex = 0; path = lhbUITests.xctest; sourceTree = BUILT_PRODUCTS_DIR; };
		1B0F497E1C3E509100A8E278 /* lhbUITests.m */ = {isa = PBXFileReference; lastKnownFileType = sourcecode.c.objc; path = lhbUITests.m; sourceTree = "<group>"; };
		1B0F49801C3E509100A8E278 /* Info.plist */ = {isa = PBXFileReference; lastKnownFileType = text.plist.xml; path = Info.plist; sourceTree = "<group>"; };
/* End PBXFileReference section */

/* Begin PBXFrameworksBuildPhase section */
		1B0F49531C3E509100A8E278 /* Frameworks */ = {
			isa = PBXFrameworksBuildPhase;
			buildActionMask = 2147483647;
			files = (
			);
			runOnlyForDeploymentPostprocessing = 0;
		};
		1B0F496C1C3E509100A8E278 /* Frameworks */ = {
			isa = PBXFrameworksBuildPhase;
			buildActionMask = 2147483647;
			files = (
			);
			runOnlyForDeploymentPostprocessing = 0;
		};
		1B0F49771C3E509100A8E278 /* Frameworks */ = {
			isa = PBXFrameworksBuildPhase;
			buildActionMask = 2147483647;
			files = (
			);
			runOnlyForDeploymentPostprocessing = 0;
		};
/* End PBXFrameworksBuildPhase section */

/* Begin PBXGroup section */
		1B0F494D1C3E509100A8E278 = {
			isa = PBXGroup;
			children = (
				1B0F49581C3E509100A8E278 /* lhb */,
				1B0F49721C3E509100A8E278 /* lhbTests */,
				1B0F497D1C3E509100A8E278 /* lhbUITests */,
				1B0F49571C3E509100A8E278 /* Products */,
			);
			sourceTree = "<group>";
		};
		1B0F49571C3E509100A8E278 /* Products */ = {
			isa = PBXGroup;
			children = (
				1B0F49561C3E509100A8E278 /* lhb.app */,
				1B0F496F1C3E509100A8E278 /* lhbTests.xctest */,
				1B0F497A1C3E509100A8E278 /* lhbUITests.xctest */,
			);
			name = Products;
			sourceTree = "<group>";
		};
		1B0F49581C3E509100A8E278 /* lhb */ = {
			isa = PBXGroup;
			children = (
				1B0F495C1C3E509100A8E278 /* AppDelegate.h */,
				1B0F495D1C3E509100A8E278 /* AppDelegate.m */,
				1B0F495F1C3E509100A8E278 /* ViewController.h */,
				1B0F49601C3E509100A8E278 /* ViewController.m */,
				1B0F49621C3E509100A8E278 /* Main.storyboard */,
				1B0F49651C3E509100A8E278 /* Assets.xcassets */,
				1B0F49671C3E509100A8E278 /* LaunchScreen.storyboard */,
				1B0F496A1C3E509100A8E278 /* Info.plist */,
				1B0F49591C3E509100A8E278 /* Supporting Files */,
			);
			path = lhb;
			sourceTree = "<group>";
		};
		1B0F49591C3E509100A8E278 /* Supporting Files */ = {
			isa = PBXGroup;
			children = (
				1B0F495A1C3E509100A8E278 /* main.m */,
			);
			name = "Supporting Files";
			sourceTree = "<group>";
		};
		1B0F49721C3E509100A8E278 /* lhbTests */ = {
			isa = PBXGroup;
			children = (
				1B0F49731C3E509100A8E278 /* lhbTests.m */,
				1B0F49751C3E509100A8E278 /* Info.plist */,
			);
			path = lhbTests;
			sourceTree = "<group>";
		};
		1B0F497D1C3E509100A8E278 /* lhbUITests */ = {
			isa = PBXGroup;
			children = (
				1B0F497E1C3E509100A8E278 /* lhbUITests.m */,
				1B0F49801C3E509100A8E278 /* Info.plist */,
			);
			path = lhbUITests;
			sourceTree = "<group>";
		};
/* End PBXGroup section */

/* Begin PBXNativeTarget section */
		1B0F49551C3E509100A8E278 /* lhb */ = {
			isa = PBXNativeTarget;
			buildConfigurationList = 1B0F49831C3E509100A8E278 /* Build configuration list for PBXNativeTarget "lhb" */;
			buildPhases = (
				1B0F49521C3E509100A8E278 /* Sources */,
				1B0F49531C3E509100A8E278 /* Frameworks */,
				1B0F49541C3E509100A8E278 /* Resources */,
			);
			buildRules = (
			);
			dependencies = (
			);
			name = lhb;
			productName = lhb;
			productReference = 1B0F49561C3E509100A8E278 /* lhb.app */;
			productType = "com.apple.product-type.application";
		};
		1B0F496E1C3E509100A8E278 /* lhbTests */ = {
			isa = PBXNativeTarget;
			buildConfigurationList = 1B0F49861C3E509100A8E278 /* Build configuration list for PBXNativeTarget "lhbTests" */;
			buildPhases = (
				1B0F496B1C3E509100A8E278 /* Sources */,
				1B0F496C1C3E509100A8E278 /* Frameworks */,
				1B0F496D1C3E509100A8E278 /* Resources */,
			);
			buildRules = (
			);
			dependencies = (
				1B0F49711C3E509100A8E278 /* PBXTargetDependency */,
			);
			name = lhbTests;
			productName = lhbTests;
			productReference = 1B0F496F1C3E509100A8E278 /* lhbTests.xctest */;
			productType = "com.apple.product-type.bundle.unit-test";
		};
		1B0F49791C3E509100A8E278 /* lhbUITests */ = {
			isa = PBXNativeTarget;
			buildConfigurationList = 1B0F49891C3E509100A8E278 /* Build configuration list for PBXNativeTarget "lhbUITests" */;
			buildPhases = (
				1B0F49761C3E509100A8E278 /* Sources */,
				1B0F49771C3E509100A8E278 /* Frameworks */,
				1B0F49781C3E509100A8E278 /* Resources */,
			);
			buildRules = (
			);
			dependencies = (
				1B0F497C1C3E509100A8E278 /* PBXTargetDependency */,
			);
			name = lhbUITests;
			productName = lhbUITests;
			productReference = 1B0F497A1C3E509100A8E278 /* lhbUITests.xctest */;
			productType = "com.apple.product-type.bundle.ui-testing";
		};
/* End PBXNativeTarget section */

/* Begin PBXProject section */
		1B0F494E1C3E509100A8E278 /* Project object */ = {
			isa = PBXProject;
			attributes = {
				LastUpgradeCheck = 0720;
				ORGANIZATIONNAME = ld;
				TargetAttributes = {
					1B0F49551C3E509100A8E278 = {
						CreatedOnToolsVersion = 7.2;
					};
					1B0F496E1C3E509100A8E278 = {
						CreatedOnToolsVersion = 7.2;
						TestTargetID = 1B0F49551C3E509100A8E278;
					};
					1B0F49791C3E509100A8E278 = {
						CreatedOnToolsVersion = 7.2;
						TestTargetID = 1B0F49551C3E509100A8E278;
					};
				};
			};
			buildConfigurationList = 1B0F49511C3E509100A8E278 /* Build configuration list for PBXProject "lhb" */;
			compatibilityVersion = "Xcode 3.2";
			developmentRegion = English;
			hasScannedForEncodings = 0;
			knownRegions = (
				en,
				Base,
			);
			mainGroup = 1B0F494D1C3E509100A8E278;
			productRefGroup = 1B0F49571C3E509100A8E278 /* Products */;
			projectDirPath = "";
			projectRoot = "";
			targets = (
				1B0F49551C3E509100A8E278 /* lhb */,
				1B0F496E1C3E509100A8E278 /* lhbTests */,
				1B0F49791C3E509100A8E278 /* lhbUITests */,
			);
		};
/* End PBXProject section */

/* Begin PBXResourcesBuildPhase section */
		1B0F49541C3E509100A8E278 /* Resources */ = {
			isa = PBXResourcesBuildPhase;
			buildActionMask = 2147483647;
			files = (
				1B0F49691C3E509100A8E278 /* LaunchScreen.storyboard in Resources */,
				1B0F49661C3E509100A8E278 /* Assets.xcassets in Resources */,
				1B0F49641C3E509100A8E278 /* Main.storyboard in Resources */,
			);
			runOnlyForDeploymentPostprocessing = 0;
		};
		1B0F496D1C3E509100A8E278 /* Resources */ = {
			isa = PBXResourcesBuildPhase;
			buildActionMask = 2147483647;
			files = (
			);
			runOnlyForDeploymentPostprocessing = 0;
		};
		1B0F49781C3E509100A8E278 /* Resources */ = {
			isa = PBXResourcesBuildPhase;
			buildActionMask = 2147483647;
			files = (
			);
			runOnlyForDeploymentPostprocessing = 0;
		};
/* End PBXResourcesBuildPhase section */

/* Begin PBXSourcesBuildPhase section */
		1B0F49521C3E509100A8E278 /* Sources */ = {
			isa = PBXSourcesBuildPhase;
			buildActionMask = 2147483647;
			files = (
				1B0F49611C3E509100A8E278 /* ViewController.m in Sources */,
				1B0F495E1C3E509100A8E278 /* AppDelegate.m in Sources */,
				1B0F495B1C3E509100A8E278 /* main.m in Sources */,
			);
			runOnlyForDeploymentPostprocessing = 0;
		};
		1B0F496B1C3E509100A8E278 /* Sources */ = {
			isa = PBXSourcesBuildPhase;
			buildActionMask = 2147483647;
			files = (
				1B0F49741C3E509100A8E278 /* lhbTests.m in Sources */,
			);
			runOnlyForDeploymentPostprocessing = 0;
		};
		1B0F49761C3E509100A8E278 /* Sources */ = {
			isa = PBXSourcesBuildPhase;
			buildActionMask = 2147483647;
			files = (
				1B0F497F1C3E509100A8E278 /* lhbUITests.m in Sources */,
			);
			runOnlyForDeploymentPostprocessing = 0;
		};
/* End PBXSourcesBuildPhase section */

/* Begin PBXTargetDependency section */
		1B0F49711C3E509100A8E278 /* PBXTargetDependency */ = {
			isa = PBXTargetDependency;
			target = 1B0F49551C3E509100A8E278 /* lhb */;
			targetProxy = 1B0F49701C3E509100A8E278 /* PBXContainerItemProxy */;
		};
		1B0F497C1C3E509100A8E278 /* PBXTargetDependency */ = {
			isa = PBXTargetDependency;
			target = 1B0F49551C3E509100A8E278 /* lhb */;
			targetProxy = 1B0F497B1C3E509100A8E278 /* PBXContainerItemProxy */;
		};
/* End PBXTargetDependency section */

/* Begin PBXVariantGroup section */
		1B0F49621C3E509100A8E278 /* Main.storyboard */ = {
			isa = PBXVariantGroup;
			children = (
				1B0F49631C3E509100A8E278 /* Base */,
			);
			name = Main.storyboard;
			sourceTree = "<group>";
		};
		1B0F49671C3E509100A8E278 /* LaunchScreen.storyboard */ = {
			isa = PBXVariantGroup;
			children = (
				1B0F49681C3E509100A8E278 /* Base */,
			);
			name = LaunchScreen.storyboard;
			sourceTree = "<group>";
		};
/* End PBXVariantGroup section */

/* Begin XCBuildConfiguration section */
		1B0F49811C3E509100A8E278 /* Debug */ = {
			isa = XCBuildConfiguration;
			buildSettings = {
				ALWAYS_SEARCH_USER_PATHS = NO;
				CLANG_CXX_LANGUAGE_STANDARD = "gnu++0x";
				CLANG_CXX_LIBRARY = "libc++";
				CLANG_ENABLE_MODULES = YES;
				CLANG_ENABLE_OBJC_ARC = YES;
				CLANG_WARN_BOOL_CONVERSION = YES;
				CLANG_WARN_CONSTANT_CONVERSION = YES;
				CLANG_WARN_DIRECT_OBJC_ISA_USAGE = YES_ERROR;
				CLANG_WARN_EMPTY_BODY = YES;
				CLANG_WARN_ENUM_CONVERSION = YES;
				CLANG_WARN_INT_CONVERSION = YES;
				CLANG_WARN_OBJC_ROOT_CLASS = YES_ERROR;
				CLANG_WARN_UNREACHABLE_CODE = YES;
				CLANG_WARN__DUPLICATE_METHOD_MATCH = YES;
				"CODE_SIGN_IDENTITY[sdk=iphoneos*]" = "iPhone Developer";
				COPY_PHASE_STRIP = NO;
				DEBUG_INFORMATION_FORMAT = dwarf;
				ENABLE_STRICT_OBJC_MSGSEND = YES;
				ENABLE_TESTABILITY = YES;
				GCC_C_LANGUAGE_STANDARD = gnu99;
				GCC_DYNAMIC_NO_PIC = NO;
				GCC_NO_COMMON_BLOCKS = YES;
				GCC_OPTIMIZATION_LEVEL = 0;
				GCC_PREPROCESSOR_DEFINITIONS = (
					"DEBUG=1",
					"$(inherited)",
				);
				GCC_WARN_64_TO_32_BIT_CONVERSION = YES;
				GCC_WARN_ABOUT_RETURN_TYPE = YES_ERROR;
				GCC_WARN_UNDECLARED_SELECTOR = YES;
				GCC_WARN_UNINITIALIZED_AUTOS = YES_AGGRESSIVE;
				GCC_WARN_UNUSED_FUNCTION = YES;
				GCC_WARN_UNUSED_VARIABLE = YES;
				IPHONEOS_DEPLOYMENT_TARGET = 9.2;
				MTL_ENABLE_DEBUG_INFO = YES;
				ONLY_ACTIVE_ARCH = YES;
				SDKROOT = iphoneos;
			};
			name = Debug;
		};
		1B0F49821C3E509100A8E278 /* Release */ = {
			isa = XCBuildConfiguration;
			buildSettings = {
				ALWAYS_SEARCH_USER_PATHS = NO;
				CLANG_CXX_LANGUAGE_STANDARD = "gnu++0x";
				CLANG_CXX_LIBRARY = "libc++";
				CLANG_ENABLE_MODULES = YES;
				CLANG_ENABLE_OBJC_ARC = YES;
				CLANG_WARN_BOOL_CONVERSION = YES;
				CLANG_WARN_CONSTANT_CONVERSION = YES;
				CLANG_WARN_DIRECT_OBJC_ISA_USAGE = YES_ERROR;
				CLANG_WARN_EMPTY_BODY = YES;
				CLANG_WARN_ENUM_CONVERSION = YES;
				CLANG_WARN_INT_CONVERSION = YES;
				CLANG_WARN_OBJC_ROOT_CLASS = YES_ERROR;
				CLANG_WARN_UNREACHABLE_CODE = YES;
				CLANG_WARN__DUPLICATE_METHOD_MATCH = YES;
				"CODE_SIGN_IDENTITY[sdk=iphoneos*]" = "iPhone Developer";
				COPY_PHASE_STRIP = NO;
				DEBUG_INFORMATION_FORMAT = "dwarf-with-dsym";
				ENABLE_NS_ASSERTIONS = NO;
				ENABLE_STRICT_OBJC_MSGSEND = YES;
				GCC_C_LANGUAGE_STANDARD = gnu99;
				GCC_NO_COMMON_BLOCKS = YES;
				GCC_WARN_64_TO_32_BIT_CONVERSION = YES;
				GCC_WARN_ABOUT_RETURN_TYPE = YES_ERROR;
				GCC_WARN_UNDECLARED_SELECTOR = YES;
				GCC_WARN_UNINITIALIZED_AUTOS = YES_AGGRESSIVE;
				GCC_WARN_UNUSED_FUNCTION = YES;
				GCC_WARN_UNUSED_VARIABLE = YES;
				IPHONEOS_DEPLOYMENT_TARGET = 9.2;
				MTL_ENABLE_DEBUG_INFO = NO;
				SDKROOT = iphoneos;
				VALIDATE_PRODUCT = YES;
			};
			name = Release;
		};
		1B0F49841C3E509100A8E278 /* Debug */ = {
			isa = XCBuildConfiguration;
			buildSettings = {
				ASSETCATALOG_COMPILER_APPICON_NAME = AppIcon;
				INFOPLIST_FILE = lhb/Info.plist;
				LD_RUNPATH_SEARCH_PATHS = "$(inherited) @executable_path/Frameworks";
				PRODUCT_BUNDLE_IDENTIFIER = TYT.lhb;
				PRODUCT_NAME = "$(TARGET_NAME)";
			};
			name = Debug;
		};
		1B0F49851C3E509100A8E278 /* Release */ = {
			isa = XCBuildConfiguration;
			buildSettings = {
				ASSETCATALOG_COMPILER_APPICON_NAME = AppIcon;
				INFOPLIST_FILE = lhb/Info.plist;
				LD_RUNPATH_SEARCH_PATHS = "$(inherited) @executable_path/Frameworks";
				PRODUCT_BUNDLE_IDENTIFIER = TYT.lhb;
				PRODUCT_NAME = "$(TARGET_NAME)";
			};
			name = Release;
		};
		1B0F49871C3E509100A8E278 /* Debug */ = {
			isa = XCBuildConfiguration;
			buildSettings = {
				BUNDLE_LOADER = "$(TEST_HOST)";
				INFOPLIST_FILE = lhbTests/Info.plist;
				LD_RUNPATH_SEARCH_PATHS = "$(inherited) @executable_path/Frameworks @loader_path/Frameworks";
				PRODUCT_BUNDLE_IDENTIFIER = TYT.lhbTests;
				PRODUCT_NAME = "$(TARGET_NAME)";
				TEST_HOST = "$(BUILT_PRODUCTS_DIR)/lhb.app/lhb";
			};
			name = Debug;
		};
		1B0F49881C3E509100A8E278 /* Release */ = {
			isa = XCBuildConfiguration;
			buildSettings = {
				BUNDLE_LOADER = "$(TEST_HOST)";
				INFOPLIST_FILE = lhbTests/Info.plist;
				LD_RUNPATH_SEARCH_PATHS = "$(inherited) @executable_path/Frameworks @loader_path/Frameworks";
				PRODUCT_BUNDLE_IDENTIFIER = TYT.lhbTests;
				PRODUCT_NAME = "$(TARGET_NAME)";
				TEST_HOST = "$(BUILT_PRODUCTS_DIR)/lhb.app/lhb";
			};
			name = Release;
		};
		1B0F498A1C3E509100A8E278 /* Debug */ = {
			isa = XCBuildConfiguration;
			buildSettings = {
				INFOPLIST_FILE = lhbUITests/Info.plist;
				LD_RUNPATH_SEARCH_PATHS = "$(inherited) @executable_path/Frameworks @loader_path/Frameworks";
				PRODUCT_BUNDLE_IDENTIFIER = TYT.lhbUITests;
				PRODUCT_NAME = "$(TARGET_NAME)";
				TEST_TARGET_NAME = lhb;
				USES_XCTRUNNER = YES;
			};
			name = Debug;
		};
		1B0F498B1C3E509100A8E278 /* Release */ = {
			isa = XCBuildConfiguration;
			buildSettings = {
				INFOPLIST_FILE = lhbUITests/Info.plist;
				LD_RUNPATH_SEARCH_PATHS = "$(inherited) @executable_path/Frameworks @loader_path/Frameworks";
				PRODUCT_BUNDLE_IDENTIFIER = TYT.lhbUITests;
				PRODUCT_NAME = "$(TARGET_NAME)";
				TEST_TARGET_NAME = lhb;
				USES_XCTRUNNER = YES;
			};
			name = Release;
		};
/* End XCBuildConfiguration section */

/* Begin XCConfigurationList section */
		1B0F49511C3E509100A8E278 /* Build configuration list for PBXProject "lhb" */ = {
			isa = XCConfigurationList;
			buildConfigurations = (
				1B0F49811C3E509100A8E278 /* Debug */,
				1B0F49821C3E509100A8E278 /* Release */,
			);
			defaultConfigurationIsVisible = 0;
			defaultConfigurationName = Release;
		};
		1B0F49831C3E509100A8E278 /* Build configuration list for PBXNativeTarget "lhb" */ = {
			isa = XCConfigurationList;
			buildConfigurations = (
				1B0F49841C3E509100A8E278 /* Debug */,
				1B0F49851C3E509100A8E278 /* Release */,
			);
			defaultConfigurationIsVisible = 0;
		};
		1B0F49861C3E509100A8E278 /* Build configuration list for PBXNativeTarget "lhbTests" */ = {
			isa = XCConfigurationList;
			buildConfigurations = (
				1B0F49871C3E509100A8E278 /* Debug */,
				1B0F49881C3E509100A8E278 /* Release */,
			);
			defaultConfigurationIsVisible = 0;
		};
		1B0F49891C3E509100A8E278 /* Build configuration list for PBXNativeTarget "lhbUITests" */ = {
			isa = XCConfigurationList;
			buildConfigurations = (
				1B0F498A1C3E509100A8E278 /* Debug */,
				1B0F498B1C3E509100A8E278 /* Release */,
			);
			defaultConfigurationIsVisible = 0;
		};
/* End XCConfigurationList section */
	};
	rootObject = 1B0F494E1C3E509100A8E278 /* Project object */;
}
